// !$*UTF8*$!
{
	archiveVersion = 1;
	classes = {
	};
	objectVersion = 77;
	objects = {

/* Begin PBXBuildFile section */
		1E75C7DA075499ACA7B41BCB /* ChartContainerView.swift in Sources */ = {isa = PBXBuildFile; fileRef = CCB0BBBCB00868F9418492F0 /* ChartContainerView.swift */; };
		3357BAFAC5F837D3F778F0C0 /* Zone.swift in Sources */ = {isa = PBXBuildFile; fileRef = 542713005EAEFEB6D7911B89 /* Zone.swift */; };
		3B26EB22FAFB7D2F465865A0 /* AppSettings.swift in Sources */ = {isa = PBXBuildFile; fileRef = 6D487895C4FB4843C933CCAF /* AppSettings.swift */; };
		6FAF311842ED52C7C4BA1224 /* Candle.swift in Sources */ = {isa = PBXBuildFile; fileRef = 7D7BD495D2D51F3B585F55F2 /* Candle.swift */; };
		970A357854B940ACE3EC7DB3 /* Assets.xcassets in Resources */ = {isa = PBXBuildFile; fileRef = 32C6CADB7178B5B26ACE4345 /* Assets.xcassets */; };
		9A6B6C17EFB5A502FDF820A7 /* ForexZoneAppApp.swift in Sources */ = {isa = PBXBuildFile; fileRef = 6B2E34D9B7CF1890D3A6C667 /* ForexZoneAppApp.swift */; };
		9B311C7A17236F66C7914B0F /* ZoneAnalysisResponse.swift in Sources */ = {isa = PBXBuildFile; fileRef = 58C1BAFCC1B3184721EDF274 /* ZoneAnalysisResponse.swift */; };
		A41B11BCD0A0E2FB19EE7ABA /* SettingsView.swift in Sources */ = {isa = PBXBuildFile; fileRef = 9939B1E34E42DD72ECC23DAF /* SettingsView.swift */; };
		B89E919248A25F84B99F1BCD /* ForexDataService.swift in Sources */ = {isa = PBXBuildFile; fileRef = E158F52A35C913D7549C33A7 /* ForexDataService.swift */; };
		BEEA30D304475546C8FE5F5F /* CandlestickChartView.swift in Sources */ = {isa = PBXBuildFile; fileRef = EF952A46DC01D4A93ABEFEFD /* CandlestickChartView.swift */; };
		C15BBC674CC2E88339092F2D /* ZoneListView.swift in Sources */ = {isa = PBXBuildFile; fileRef = 486DFAD43257838D5FB796B7 /* ZoneListView.swift */; };
		C16295866F82C0E07EDC241B /* MCPClient.swift in Sources */ = {isa = PBXBuildFile; fileRef = 050DF6E41D417D4AAEE5059F /* MCPClient.swift */; };
		D00C283D16AE456B4D4BBF48 /* InstrumentListView.swift in Sources */ = {isa = PBXBuildFile; fileRef = C1E138E406E517C38D819503 /* InstrumentListView.swift */; };
		E42D9625570164F2F74A4211 /* PriceGridView.swift in Sources */ = {isa = PBXBuildFile; fileRef = CC49918940FDFB1645063475 /* PriceGridView.swift */; };
		E744DAF779B36BAEEE4AF8CD /* ChartViewModel.swift in Sources */ = {isa = PBXBuildFile; fileRef = 6E933F9BB1F469635B0EE224 /* ChartViewModel.swift */; };
		EA59545E20B388BCE03BFD08 /* ContentView.swift in Sources */ = {isa = PBXBuildFile; fileRef = C24E3F85291C0A1BA59B6402 /* ContentView.swift */; };
		F7F941964E409B066778ED9D /* ZoneOverlayView.swift in Sources */ = {isa = PBXBuildFile; fileRef = 3EADB29DA08E6AA05E753186 /* ZoneOverlayView.swift */; };
		F805B1D0DE454B2B1F50848A /* Instrument.swift in Sources */ = {isa = PBXBuildFile; fileRef = 2B9A4C8EA34A85BC1E6D42CA /* Instrument.swift */; };
/* End PBXBuildFile section */

/* Begin PBXFileReference section */
		050DF6E41D417D4AAEE5059F /* MCPClient.swift */ = {isa = PBXFileReference; lastKnownFileType = sourcecode.swift; path = MCPClient.swift; sourceTree = "<group>"; };
		2B9A4C8EA34A85BC1E6D42CA /* Instrument.swift */ = {isa = PBXFileReference; lastKnownFileType = sourcecode.swift; path = Instrument.swift; sourceTree = "<group>"; };
		32C6CADB7178B5B26ACE4345 /* Assets.xcassets */ = {isa = PBXFileReference; lastKnownFileType = folder.assetcatalog; path = Assets.xcassets; sourceTree = "<group>"; };
		3EADB29DA08E6AA05E753186 /* ZoneOverlayView.swift */ = {isa = PBXFileReference; lastKnownFileType = sourcecode.swift; path = ZoneOverlayView.swift; sourceTree = "<group>"; };
		486DFAD43257838D5FB796B7 /* ZoneListView.swift */ = {isa = PBXFileReference; lastKnownFileType = sourcecode.swift; path = ZoneListView.swift; sourceTree = "<group>"; };
		542713005EAEFEB6D7911B89 /* Zone.swift */ = {isa = PBXFileReference; lastKnownFileType = sourcecode.swift; path = Zone.swift; sourceTree = "<group>"; };
		58C1BAFCC1B3184721EDF274 /* ZoneAnalysisResponse.swift */ = {isa = PBXFileReference; lastKnownFileType = sourcecode.swift; path = ZoneAnalysisResponse.swift; sourceTree = "<group>"; };
		6B2E34D9B7CF1890D3A6C667 /* ForexZoneAppApp.swift */ = {isa = PBXFileReference; lastKnownFileType = sourcecode.swift; path = ForexZoneAppApp.swift; sourceTree = "<group>"; };
		6D487895C4FB4843C933CCAF /* AppSettings.swift */ = {isa = PBXFileReference; lastKnownFileType = sourcecode.swift; path = AppSettings.swift; sourceTree = "<group>"; };
		6E933F9BB1F469635B0EE224 /* ChartViewModel.swift */ = {isa = PBXFileReference; lastKnownFileType = sourcecode.swift; path = ChartViewModel.swift; sourceTree = "<group>"; };
		747C5F2A66E63D60F79B30EA /* ForexZoneApp.app */ = {isa = PBXFileReference; includeInIndex = 0; lastKnownFileType = wrapper.application; path = ForexZoneApp.app; sourceTree = BUILT_PRODUCTS_DIR; };
		7D7BD495D2D51F3B585F55F2 /* Candle.swift */ = {isa = PBXFileReference; lastKnownFileType = sourcecode.swift; path = Candle.swift; sourceTree = "<group>"; };
		9939B1E34E42DD72ECC23DAF /* SettingsView.swift */ = {isa = PBXFileReference; lastKnownFileType = sourcecode.swift; path = SettingsView.swift; sourceTree = "<group>"; };
		C1E138E406E517C38D819503 /* InstrumentListView.swift */ = {isa = PBXFileReference; lastKnownFileType = sourcecode.swift; path = InstrumentListView.swift; sourceTree = "<group>"; };
		C24E3F85291C0A1BA59B6402 /* ContentView.swift */ = {isa = PBXFileReference; lastKnownFileType = sourcecode.swift; path = ContentView.swift; sourceTree = "<group>"; };
		CC49918940FDFB1645063475 /* PriceGridView.swift */ = {isa = PBXFileReference; lastKnownFileType = sourcecode.swift; path = PriceGridView.swift; sourceTree = "<group>"; };
		CCB0BBBCB00868F9418492F0 /* ChartContainerView.swift */ = {isa = PBXFileReference; lastKnownFileType = sourcecode.swift; path = ChartContainerView.swift; sourceTree = "<group>"; };
		D4C8933D6973CF96993C6E33 /* Info.plist */ = {isa = PBXFileReference; lastKnownFileType = text.plist; path = Info.plist; sourceTree = "<group>"; };
		E158F52A35C913D7549C33A7 /* ForexDataService.swift */ = {isa = PBXFileReference; lastKnownFileType = sourcecode.swift; path = ForexDataService.swift; sourceTree = "<group>"; };
		EF952A46DC01D4A93ABEFEFD /* CandlestickChartView.swift */ = {isa = PBXFileReference; lastKnownFileType = sourcecode.swift; path = CandlestickChartView.swift; sourceTree = "<group>"; };
/* End PBXFileReference section */

/* Begin PBXGroup section */
		2B69721520864B21CEC12CFA /* ForexZoneApp */ = {
			isa = PBXGroup;
			children = (
				32C6CADB7178B5B26ACE4345 /* Assets.xcassets */,
				C24E3F85291C0A1BA59B6402 /* ContentView.swift */,
				6B2E34D9B7CF1890D3A6C667 /* ForexZoneAppApp.swift */,
				D4C8933D6973CF96993C6E33 /* Info.plist */,
				B3471B47AD8FD2CA8A7D27F9 /* Models */,
				E1C79162C3F5CD7E27790A33 /* Services */,
				BAC48C09A3C3D0D128F60C8F /* ViewModels */,
				A15E968D452C9B886BA553E2 /* Views */,
			);
			path = ForexZoneApp;
			sourceTree = "<group>";
		};
		8F5007CB23BAB821CECC319F /* Components */ = {
			isa = PBXGroup;
			children = (
				EF952A46DC01D4A93ABEFEFD /* CandlestickChartView.swift */,
				CC49918940FDFB1645063475 /* PriceGridView.swift */,
				3EADB29DA08E6AA05E753186 /* ZoneOverlayView.swift */,
			);
			path = Components;
			sourceTree = "<group>";
		};
		A15E968D452C9B886BA553E2 /* Views */ = {
			isa = PBXGroup;
			children = (
				CCB0BBBCB00868F9418492F0 /* ChartContainerView.swift */,
				C1E138E406E517C38D819503 /* InstrumentListView.swift */,
				9939B1E34E42DD72ECC23DAF /* SettingsView.swift */,
				486DFAD43257838D5FB796B7 /* ZoneListView.swift */,
				8F5007CB23BAB821CECC319F /* Components */,
			);
			path = Views;
			sourceTree = "<group>";
		};
		B3471B47AD8FD2CA8A7D27F9 /* Models */ = {
			isa = PBXGroup;
			children = (
				6D487895C4FB4843C933CCAF /* AppSettings.swift */,
				7D7BD495D2D51F3B585F55F2 /* Candle.swift */,
				2B9A4C8EA34A85BC1E6D42CA /* Instrument.swift */,
				542713005EAEFEB6D7911B89 /* Zone.swift */,
				58C1BAFCC1B3184721EDF274 /* ZoneAnalysisResponse.swift */,
			);
			path = Models;
			sourceTree = "<group>";
		};
		BAC48C09A3C3D0D128F60C8F /* ViewModels */ = {
			isa = PBXGroup;
			children = (
				6E933F9BB1F469635B0EE224 /* ChartViewModel.swift */,
			);
			path = ViewModels;
			sourceTree = "<group>";
		};
		CFD83C5FC4037DCA5E7B707A = {
			isa = PBXGroup;
			children = (
				2B69721520864B21CEC12CFA /* ForexZoneApp */,
				D39C4105830AD1610080E422 /* Products */,
			);
			sourceTree = "<group>";
		};
		D39C4105830AD1610080E422 /* Products */ = {
			isa = PBXGroup;
			children = (
				747C5F2A66E63D60F79B30EA /* ForexZoneApp.app */,
			);
			name = Products;
			sourceTree = "<group>";
		};
		E1C79162C3F5CD7E27790A33 /* Services */ = {
			isa = PBXGroup;
			children = (
				E158F52A35C913D7549C33A7 /* ForexDataService.swift */,
				050DF6E41D417D4AAEE5059F /* MCPClient.swift */,
			);
			path = Services;
			sourceTree = "<group>";
		};
/* End PBXGroup section */

/* Begin PBXNativeTarget section */
		42C0BD31258A2362BF0BBCE2 /* ForexZoneApp */ = {
			isa = PBXNativeTarget;
			buildConfigurationList = E1B64D40735DF19603D88B2B /* Build configuration list for PBXNativeTarget "ForexZoneApp" */;
			buildPhases = (
				10A0D8A0A640ECE878D2D3F4 /* Sources */,
				4EC3BFB27C06156A19831375 /* Resources */,
			);
			buildRules = (
			);
			dependencies = (
			);
			name = ForexZoneApp;
			packageProductDependencies = (
			);
			productName = ForexZoneApp;
			productReference = 747C5F2A66E63D60F79B30EA /* ForexZoneApp.app */;
			productType = "com.apple.product-type.application";
		};
/* End PBXNativeTarget section */

/* Begin PBXProject section */
		774EEED6DF7E7DE12BBE9900 /* Project object */ = {
			isa = PBXProject;
			attributes = {
				BuildIndependentTargetsInParallel = YES;
				LastUpgradeCheck = 1430;
				TargetAttributes = {
					42C0BD31258A2362BF0BBCE2 = {
						ProvisioningStyle = Automatic;
					};
				};
			};
			buildConfigurationList = 0D58BF7C7667C7E09C94783E /* Build configuration list for PBXProject "ForexZoneApp" */;
			developmentRegion = en;
			hasScannedForEncodings = 0;
			knownRegions = (
				Base,
				en,
			);
			mainGroup = CFD83C5FC4037DCA5E7B707A;
			minimizedProjectReferenceProxies = 1;
			preferredProjectObjectVersion = 77;
			productRefGroup = D39C4105830AD1610080E422 /* Products */;
			projectDirPath = "";
			projectRoot = "";
			targets = (
				42C0BD31258A2362BF0BBCE2 /* ForexZoneApp */,
			);
		};
/* End PBXProject section */

/* Begin PBXResourcesBuildPhase section */
		4EC3BFB27C06156A19831375 /* Resources */ = {
			isa = PBXResourcesBuildPhase;
			buildActionMask = 2147483647;
			files = (
				970A357854B940ACE3EC7DB3 /* Assets.xcassets in Resources */,
			);
			runOnlyForDeploymentPostprocessing = 0;
		};
/* End PBXResourcesBuildPhase section */

/* Begin PBXSourcesBuildPhase section */
		10A0D8A0A640ECE878D2D3F4 /* Sources */ = {
			isa = PBXSourcesBuildPhase;
			buildActionMask = 2147483647;
			files = (
				3B26EB22FAFB7D2F465865A0 /* AppSettings.swift in Sources */,
				6FAF311842ED52C7C4BA1224 /* Candle.swift in Sources */,
				BEEA30D304475546C8FE5F5F /* CandlestickChartView.swift in Sources */,
				1E75C7DA075499ACA7B41BCB /* ChartContainerView.swift in Sources */,
				E744DAF779B36BAEEE4AF8CD /* ChartViewModel.swift in Sources */,
				EA59545E20B388BCE03BFD08 /* ContentView.swift in Sources */,
				B89E919248A25F84B99F1BCD /* ForexDataService.swift in Sources */,
				9A6B6C17EFB5A502FDF820A7 /* ForexZoneAppApp.swift in Sources */,
				F805B1D0DE454B2B1F50848A /* Instrument.swift in Sources */,
				D00C283D16AE456B4D4BBF48 /* InstrumentListView.swift in Sources */,
				C16295866F82C0E07EDC241B /* MCPClient.swift in Sources */,
				E42D9625570164F2F74A4211 /* PriceGridView.swift in Sources */,
				A41B11BCD0A0E2FB19EE7ABA /* SettingsView.swift in Sources */,
				3357BAFAC5F837D3F778F0C0 /* Zone.swift in Sources */,
				9B311C7A17236F66C7914B0F /* ZoneAnalysisResponse.swift in Sources */,
				C15BBC674CC2E88339092F2D /* ZoneListView.swift in Sources */,
				F7F941964E409B066778ED9D /* ZoneOverlayView.swift in Sources */,
			);
			runOnlyForDeploymentPostprocessing = 0;
		};
/* End PBXSourcesBuildPhase section */

/* Begin XCBuildConfiguration section */
		05732863F8A59CF9E3B41BD8 /* Debug */ = {
			isa = XCBuildConfiguration;
			buildSettings = {
				ALWAYS_SEARCH_USER_PATHS = NO;
				CLANG_ANALYZER_NONNULL = YES;
				CLANG_ANALYZER_NUMBER_OBJECT_CONVERSION = YES_AGGRESSIVE;
				CLANG_CXX_LANGUAGE_STANDARD = "gnu++14";
				CLANG_CXX_LIBRARY = "libc++";
				CLANG_ENABLE_MODULES = YES;
				CLANG_ENABLE_OBJC_ARC = YES;
				CLANG_ENABLE_OBJC_WEAK = YES;
				CLANG_WARN_BLOCK_CAPTURE_AUTORELEASING = YES;
				CLANG_WARN_BOOL_CONVERSION = YES;
				CLANG_WARN_COMMA = YES;
				CLANG_WARN_CONSTANT_CONVERSION = YES;
				CLANG_WARN_DEPRECATED_OBJC_IMPLEMENTATIONS = YES;
				CLANG_WARN_DIRECT_OBJC_ISA_USAGE = YES_ERROR;
				CLANG_WARN_DOCUMENTATION_COMMENTS = YES;
				CLANG_WARN_EMPTY_BODY = YES;
				CLANG_WARN_ENUM_CONVERSION = YES;
				CLANG_WARN_INFINITE_RECURSION = YES;
				CLANG_WARN_INT_CONVERSION = YES;
				CLANG_WARN_NON_LITERAL_NULL_CONVERSION = YES;
				CLANG_WARN_OBJC_IMPLICIT_RETAIN_SELF = YES;
				CLANG_WARN_OBJC_LITERAL_CONVERSION = YES;
				CLANG_WARN_OBJC_ROOT_CLASS = YES_ERROR;
				CLANG_WARN_QUOTED_INCLUDE_IN_FRAMEWORK_HEADER = YES;
				CLANG_WARN_RANGE_LOOP_ANALYSIS = YES;
				CLANG_WARN_STRICT_PROTOTYPES = YES;
				CLANG_WARN_SUSPICIOUS_MOVE = YES;
				CLANG_WARN_UNGUARDED_AVAILABILITY = YES_AGGRESSIVE;
				CLANG_WARN_UNREACHABLE_CODE = YES;
				CLANG_WARN__DUPLICATE_METHOD_MATCH = YES;
				COPY_PHASE_STRIP = NO;
				DEBUG_INFORMATION_FORMAT = dwarf;
				ENABLE_STRICT_OBJC_MSGSEND = YES;
				ENABLE_TESTABILITY = YES;
				GCC_C_LANGUAGE_STANDARD = gnu11;
				GCC_DYNAMIC_NO_PIC = NO;
				GCC_NO_COMMON_BLOCKS = YES;
				GCC_OPTIMIZATION_LEVEL = 0;
				GCC_PREPROCESSOR_DEFINITIONS = (
					"$(inherited)",
					"DEBUG=1",
				);
				GCC_WARN_64_TO_32_BIT_CONVERSION = YES;
				GCC_WARN_ABOUT_RETURN_TYPE = YES_ERROR;
				GCC_WARN_UNDECLARED_SELECTOR = YES;
				GCC_WARN_UNINITIALIZED_AUTOS = YES_AGGRESSIVE;
				GCC_WARN_UNUSED_FUNCTION = YES;
				GCC_WARN_UNUSED_VARIABLE = YES;
				MTL_ENABLE_DEBUG_INFO = INCLUDE_SOURCE;
				MTL_FAST_MATH = YES;
				ONLY_ACTIVE_ARCH = YES;
				PRODUCT_NAME = "$(TARGET_NAME)";
				SDKROOT = iphoneos;
				SWIFT_ACTIVE_COMPILATION_CONDITIONS = DEBUG;
				SWIFT_OPTIMIZATION_LEVEL = "-Onone";
				SWIFT_VERSION = 5.0;
			};
			name = Debug;
		};
		062DDE6AB46EFCDC10DF5B41 /* Release */ = {
			isa = XCBuildConfiguration;
			buildSettings = {
				ALWAYS_SEARCH_USER_PATHS = NO;
				CLANG_ANALYZER_NONNULL = YES;
				CLANG_ANALYZER_NUMBER_OBJECT_CONVERSION = YES_AGGRESSIVE;
				CLANG_CXX_LANGUAGE_STANDARD = "gnu++14";
				CLANG_CXX_LIBRARY = "libc++";
				CLANG_ENABLE_MODULES = YES;
				CLANG_ENABLE_OBJC_ARC = YES;
				CLANG_ENABLE_OBJC_WEAK = YES;
				CLANG_WARN_BLOCK_CAPTURE_AUTORELEASING = YES;
				CLANG_WARN_BOOL_CONVERSION = YES;
				CLANG_WARN_COMMA = YES;
				CLANG_WARN_CONSTANT_CONVERSION = YES;
				CLANG_WARN_DEPRECATED_OBJC_IMPLEMENTATIONS = YES;
				CLANG_WARN_DIRECT_OBJC_ISA_USAGE = YES_ERROR;
				CLANG_WARN_DOCUMENTATION_COMMENTS = YES;
				CLANG_WARN_EMPTY_BODY = YES;
				CLANG_WARN_ENUM_CONVERSION = YES;
				CLANG_WARN_INFINITE_RECURSION = YES;
				CLANG_WARN_INT_CONVERSION = YES;
				CLANG_WARN_NON_LITERAL_NULL_CONVERSION = YES;
				CLANG_WARN_OBJC_IMPLICIT_RETAIN_SELF = YES;
				CLANG_WARN_OBJC_LITERAL_CONVERSION = YES;
				CLANG_WARN_OBJC_ROOT_CLASS = YES_ERROR;
				CLANG_WARN_QUOTED_INCLUDE_IN_FRAMEWORK_HEADER = YES;
				CLANG_WARN_RANGE_LOOP_ANALYSIS = YES;
				CLANG_WARN_STRICT_PROTOTYPES = YES;
				CLANG_WARN_SUSPICIOUS_MOVE = YES;
				CLANG_WARN_UNGUARDED_AVAILABILITY = YES_AGGRESSIVE;
				CLANG_WARN_UNREACHABLE_CODE = YES;
				CLANG_WARN__DUPLICATE_METHOD_MATCH = YES;
				COPY_PHASE_STRIP = NO;
				DEBUG_INFORMATION_FORMAT = "dwarf-with-dsym";
				ENABLE_NS_ASSERTIONS = NO;
				ENABLE_STRICT_OBJC_MSGSEND = YES;
				GCC_C_LANGUAGE_STANDARD = gnu11;
				GCC_NO_COMMON_BLOCKS = YES;
				GCC_WARN_64_TO_32_BIT_CONVERSION = YES;
				GCC_WARN_ABOUT_RETURN_TYPE = YES_ERROR;
				GCC_WARN_UNDECLARED_SELECTOR = YES;
				GCC_WARN_UNINITIALIZED_AUTOS = YES_AGGRESSIVE;
				GCC_WARN_UNUSED_FUNCTION = YES;
				GCC_WARN_UNUSED_VARIABLE = YES;
				MTL_ENABLE_DEBUG_INFO = NO;
				MTL_FAST_MATH = YES;
				PRODUCT_NAME = "$(TARGET_NAME)";
				SDKROOT = iphoneos;
				SWIFT_COMPILATION_MODE = wholemodule;
				SWIFT_OPTIMIZATION_LEVEL = "-O";
				SWIFT_VERSION = 5.0;
			};
			name = Release;
		};
		74FC579A3B217A6C63F4E0E7 /* Release */ = {
			isa = XCBuildConfiguration;
			buildSettings = {
				ASSETCATALOG_COMPILER_APPICON_NAME = AppIcon;
				CODE_SIGN_IDENTITY = "iPhone Developer";
				CODE_SIGN_STYLE = Automatic;
				CURRENT_PROJECT_VERSION = 1;
				GENERATE_INFOPLIST_FILE = YES;
				INFOPLIST_FILE = ForexZoneApp/Info.plist;
				INFOPLIST_KEY_UIApplicationSceneManifest_Generation = YES;
				INFOPLIST_KEY_UIApplicationSupportsIndirectInputEvents = YES;
				INFOPLIST_KEY_UILaunchScreen_Generation = YES;
				INFOPLIST_KEY_UISupportedInterfaceOrientations_iPad = "UIInterfaceOrientationPortrait UIInterfaceOrientationPortraitUpsideDown UIInterfaceOrientationLandscapeLeft UIInterfaceOrientationLandscapeRight";
				INFOPLIST_KEY_UISupportedInterfaceOrientations_iPhone = "UIInterfaceOrientationPortrait UIInterfaceOrientationLandscapeLeft UIInterfaceOrientationLandscapeRight";
				IPHONEOS_DEPLOYMENT_TARGET = 17.0;
				LD_RUNPATH_SEARCH_PATHS = (
					"$(inherited)",
					"@executable_path/Frameworks",
				);
				MARKETING_VERSION = 1.0;
				PRODUCT_BUNDLE_IDENTIFIER = com.forexzoneanalyzer.app;
				SDKROOT = iphoneos;
				SWIFT_VERSION = 5.0;
				TARGETED_DEVICE_FAMILY = "1,2";
			};
			name = Release;
		};
		7E01D0E3C96B09AD59982FE6 /* Debug */ = {
			isa = XCBuildConfiguration;
			buildSettings = {
				ASSETCATALOG_COMPILER_APPICON_NAME = AppIcon;
				CODE_SIGN_IDENTITY = "iPhone Developer";
				CODE_SIGN_STYLE = Automatic;
				CURRENT_PROJECT_VERSION = 1;
				GENERATE_INFOPLIST_FILE = YES;
				INFOPLIST_FILE = ForexZoneApp/Info.plist;
				INFOPLIST_KEY_UIApplicationSceneManifest_Generation = YES;
				INFOPLIST_KEY_UIApplicationSupportsIndirectInputEvents = YES;
				INFOPLIST_KEY_UILaunchScreen_Generation = YES;
				INFOPLIST_KEY_UISupportedInterfaceOrientations_iPad = "UIInterfaceOrientationPortrait UIInterfaceOrientationPortraitUpsideDown UIInterfaceOrientationLandscapeLeft UIInterfaceOrientationLandscapeRight";
				INFOPLIST_KEY_UISupportedInterfaceOrientations_iPhone = "UIInterfaceOrientationPortrait UIInterfaceOrientationLandscapeLeft UIInterfaceOrientationLandscapeRight";
				IPHONEOS_DEPLOYMENT_TARGET = 17.0;
				LD_RUNPATH_SEARCH_PATHS = (
					"$(inherited)",
					"@executable_path/Frameworks",
				);
				MARKETING_VERSION = 1.0;
				PRODUCT_BUNDLE_IDENTIFIER = com.forexzoneanalyzer.app;
				SDKROOT = iphoneos;
				SWIFT_VERSION = 5.0;
				TARGETED_DEVICE_FAMILY = "1,2";
			};
			name = Debug;
		};
/* End XCBuildConfiguration section */

/* Begin XCConfigurationList section */
		0D58BF7C7667C7E09C94783E /* Build configuration list for PBXProject "ForexZoneApp" */ = {
			isa = XCConfigurationList;
			buildConfigurations = (
				05732863F8A59CF9E3B41BD8 /* Debug */,
				062DDE6AB46EFCDC10DF5B41 /* Release */,
			);
			defaultConfigurationIsVisible = 0;
			defaultConfigurationName = Debug;
		};
		E1B64D40735DF19603D88B2B /* Build configuration list for PBXNativeTarget "ForexZoneApp" */ = {
			isa = XCConfigurationList;
			buildConfigurations = (
				7E01D0E3C96B09AD59982FE6 /* Debug */,
				74FC579A3B217A6C63F4E0E7 /* Release */,
			);
			defaultConfigurationIsVisible = 0;
			defaultConfigurationName = Debug;
		};
/* End XCConfigurationList section */
	};
	rootObject = 774EEED6DF7E7DE12BBE9900 /* Project object */;
}
