
Microsoft Visual Studio Solution File, Format Version 12.00
# Visual Studio Version 17
VisualStudioVersion = 17.2.32505.173
MinimumVisualStudioVersion = 10.0.40219.1
Project("{9A19103F-16F7-4668-BE54-9A1E7A4F7556}") = "GeriRemenyi.Oanda.V20.Sdk", "GeriRemenyi.Oanda.V20.Sdk\GeriRemenyi.Oanda.V20.Sdk.csproj", "{6A1AE812-1239-43FF-9C27-E7DE508D0945}"
EndProject
Project("{9A19103F-16F7-4668-BE54-9A1E7A4F7556}") = "GeriRemenyi.Oanda.V20.Client", "GeriRemenyi.Oanda.V20.Client\GeriRemenyi.Oanda.V20.Client.csproj", "{EC845363-C71C-41F0-99D7-94EE4609EA3C}"
EndProject
Project("{9A19103F-16F7-4668-BE54-9A1E7A4F7556}") = "GeriRemenyi.Oanda.V20.Client.Test", "GeriRemenyi.Oanda.V20.Client.Test\GeriRemenyi.Oanda.V20.Client.Test.csproj", "{4E06E460-BC3F-46A3-973A-08427FCB2C9C}"
EndProject
Project("{9A19103F-16F7-4668-BE54-9A1E7A4F7556}") = "GeriRemenyi.Oanda.V20.Sdk.Playground", "GeriRemenyi.Oanda.V20.Sdk.Playground\GeriRemenyi.Oanda.V20.Sdk.Playground.csproj", "{2CD86D53-2DBD-473E-BDA9-753C3E674E95}"
EndProject
Project("{9A19103F-16F7-4668-BE54-9A1E7A4F7556}") = "ZoneAnalyzer.DataProvider", "ZoneAnalyzer.DataProvider\ZoneAnalyzer.DataProvider.csproj", "{219DBD3E-2D4E-4BB5-8F3C-7DEFCF6E549D}"
EndProject
Project("{9A19103F-16F7-4668-BE54-9A1E7A4F7556}") = "ZoneAnalyzer.PatternAnalysis", "ZoneAnalyzer.PatternAnalysis\ZoneAnalyzer.PatternAnalysis.csproj", "{05C88A82-F272-4103-9D53-E5D255AB1736}"
EndProject
Project("{9A19103F-16F7-4668-BE54-9A1E7A4F7556}") = "ZoneAnalyzer.PatternAnalysis.Test", "ZoneAnalyzer.PatternAnalysis.Test\ZoneAnalyzer.PatternAnalysis.Test.csproj", "{AAB52446-57D5-4ECE-A246-7402DC6DF255}"
EndProject
Global
	GlobalSection(SolutionConfigurationPlatforms) = preSolution
		Debug|Any CPU = Debug|Any CPU
		Release|Any CPU = Release|Any CPU
	EndGlobalSection
	GlobalSection(ProjectConfigurationPlatforms) = postSolution
		{6A1AE812-1239-43FF-9C27-E7DE508D0945}.Debug|Any CPU.ActiveCfg = Debug|Any CPU
		{6A1AE812-1239-43FF-9C27-E7DE508D0945}.Debug|Any CPU.Build.0 = Debug|Any CPU
		{6A1AE812-1239-43FF-9C27-E7DE508D0945}.Release|Any CPU.ActiveCfg = Release|Any CPU
		{6A1AE812-1239-43FF-9C27-E7DE508D0945}.Release|Any CPU.Build.0 = Release|Any CPU
		{EC845363-C71C-41F0-99D7-94EE4609EA3C}.Debug|Any CPU.ActiveCfg = Debug|Any CPU
		{EC845363-C71C-41F0-99D7-94EE4609EA3C}.Debug|Any CPU.Build.0 = Debug|Any CPU
		{EC845363-C71C-41F0-99D7-94EE4609EA3C}.Release|Any CPU.ActiveCfg = Release|Any CPU
		{EC845363-C71C-41F0-99D7-94EE4609EA3C}.Release|Any CPU.Build.0 = Release|Any CPU
		{4E06E460-BC3F-46A3-973A-08427FCB2C9C}.Debug|Any CPU.ActiveCfg = Debug|Any CPU
		{4E06E460-BC3F-46A3-973A-08427FCB2C9C}.Debug|Any CPU.Build.0 = Debug|Any CPU
		{4E06E460-BC3F-46A3-973A-08427FCB2C9C}.Release|Any CPU.ActiveCfg = Release|Any CPU
		{4E06E460-BC3F-46A3-973A-08427FCB2C9C}.Release|Any CPU.Build.0 = Release|Any CPU
		{2CD86D53-2DBD-473E-BDA9-753C3E674E95}.Debug|Any CPU.ActiveCfg = Debug|Any CPU
		{2CD86D53-2DBD-473E-BDA9-753C3E674E95}.Debug|Any CPU.Build.0 = Debug|Any CPU
		{2CD86D53-2DBD-473E-BDA9-753C3E674E95}.Release|Any CPU.ActiveCfg = Release|Any CPU
		{2CD86D53-2DBD-473E-BDA9-753C3E674E95}.Release|Any CPU.Build.0 = Release|Any CPU
		{219DBD3E-2D4E-4BB5-8F3C-7DEFCF6E549D}.Debug|Any CPU.ActiveCfg = Debug|Any CPU
		{219DBD3E-2D4E-4BB5-8F3C-7DEFCF6E549D}.Debug|Any CPU.Build.0 = Debug|Any CPU
		{219DBD3E-2D4E-4BB5-8F3C-7DEFCF6E549D}.Release|Any CPU.ActiveCfg = Release|Any CPU
		{219DBD3E-2D4E-4BB5-8F3C-7DEFCF6E549D}.Release|Any CPU.Build.0 = Release|Any CPU
		{05C88A82-F272-4103-9D53-E5D255AB1736}.Debug|Any CPU.ActiveCfg = Debug|Any CPU
		{05C88A82-F272-4103-9D53-E5D255AB1736}.Debug|Any CPU.Build.0 = Debug|Any CPU
		{05C88A82-F272-4103-9D53-E5D255AB1736}.Release|Any CPU.ActiveCfg = Release|Any CPU
		{05C88A82-F272-4103-9D53-E5D255AB1736}.Release|Any CPU.Build.0 = Release|Any CPU
		{AAB52446-57D5-4ECE-A246-7402DC6DF255}.Debug|Any CPU.ActiveCfg = Debug|Any CPU
		{AAB52446-57D5-4ECE-A246-7402DC6DF255}.Debug|Any CPU.Build.0 = Debug|Any CPU
		{AAB52446-57D5-4ECE-A246-7402DC6DF255}.Release|Any CPU.ActiveCfg = Release|Any CPU
		{AAB52446-57D5-4ECE-A246-7402DC6DF255}.Release|Any CPU.Build.0 = Release|Any CPU
	EndGlobalSection
	GlobalSection(SolutionProperties) = preSolution
		HideSolutionNode = FALSE
	EndGlobalSection
	GlobalSection(ExtensibilityGlobals) = postSolution
		SolutionGuid = {7B9C19E4-CDDA-4CFF-A138-93AF7EA938C8}
	EndGlobalSection
EndGlobal
